
Microsoft Visual Studio Solution File, Format Version 12.00
# Visual Studio Version 17
VisualStudioVersion = 17.1.32328.378
MinimumVisualStudioVersion = 10.0.40219.1
Project("{FAE04EC0-301F-11D3-BF4B-00C04F79EFBC}") = "ObserverPattern", "ObserverPattern\ObserverPattern.csproj", "{6A326594-DE0A-492E-9425-61FC1BB81254}"
EndProject
Global
	GlobalSection(SolutionConfigurationPlatforms) = preSolution
		Debug|Any CPU = Debug|Any CPU
		Release|Any CPU = Release|Any CPU
	EndGlobalSection
	GlobalSection(ProjectConfigurationPlatforms) = postSolution
		{6A326594-DE0A-492E-9425-61FC1BB81254}.Debug|Any CPU.ActiveCfg = Debug|Any CPU
		{6A326594-DE0A-492E-9425-61FC1BB81254}.Debug|Any CPU.Build.0 = Debug|Any CPU
		{6A326594-DE0A-492E-9425-61FC1BB81254}.Release|Any CPU.ActiveCfg = Release|Any CPU
		{6A326594-DE0A-492E-9425-61FC1BB81254}.Release|Any CPU.Build.0 = Release|Any CPU
	EndGlobalSection
	GlobalSection(SolutionProperties) = preSolution
		HideSolutionNode = FALSE
	EndGlobalSection
	GlobalSection(ExtensibilityGlobals) = postSolution
		SolutionGuid = {67F78A6B-E764-458D-9309-C56764B1DE6D}
	EndGlobalSection
EndGlobal
